
Microsoft Visual Studio Solution File, Format Version 12.00
# Visual Studio Version 17
VisualStudioVersion = 17.7.34202.233
MinimumVisualStudioVersion = 10.0.40219.1
Project("{FAE04EC0-301F-11D3-BF4B-00C04F79EFBC}") = "WebApi_DS_B2B", "WebApi_DS_B2B\WebApi_DS_B2B.csproj", "{19361BBE-6761-48AC-ACA4-305948D9ACB2}"
EndProject
Global
	GlobalSection(SolutionConfigurationPlatforms) = preSolution
		Debug|Any CPU = Debug|Any CPU
		Release|Any CPU = Release|Any CPU
	EndGlobalSection
	GlobalSection(ProjectConfigurationPlatforms) = postSolution
		{19361BBE-6761-48AC-ACA4-305948D9ACB2}.Debug|Any CPU.ActiveCfg = Debug|Any CPU
		{19361BBE-6761-48AC-ACA4-305948D9ACB2}.Debug|Any CPU.Build.0 = Debug|Any CPU
		{19361BBE-6761-48AC-ACA4-305948D9ACB2}.Release|Any CPU.ActiveCfg = Release|Any CPU
		{19361BBE-6761-48AC-ACA4-305948D9ACB2}.Release|Any CPU.Build.0 = Release|Any CPU
	EndGlobalSection
	GlobalSection(SolutionProperties) = preSolution
		HideSolutionNode = FALSE
	EndGlobalSection
	GlobalSection(ExtensibilityGlobals) = postSolution
		SolutionGuid = {37605EF5-DCA5-462D-82BB-BE41634BCB2A}
	EndGlobalSection
EndGlobal
